
Microsoft Visual Studio Solution File, Format Version 12.00
# Visual Studio Version 17
VisualStudioVersion = 17.0.31903.59
MinimumVisualStudioVersion = 10.0.40219.1
Project("{2150E333-8FDC-42A3-9474-1A3956D46DE8}") = "WebApi", "WebApi", "{7AA4288F-56E5-40A1-B028-BFDD6342DE0F}"
EndProject
Project("{FAE04EC0-301F-11D3-BF4B-00C04F79EFBC}") = "WebApi", "WebApi\WebApi\WebApi.csproj", "{0B725441-1AA5-48FC-9190-DF173DAD5CD3}"
EndProject
Project("{FAE04EC0-301F-11D3-BF4B-00C04F79EFBC}") = "TestApi.Test", "TestApi.Test\TestApi.Test.csproj", "{8785760A-93D6-4189-9627-97C038A99AE1}"
EndProject
Global
	GlobalSection(SolutionConfigurationPlatforms) = preSolution
		Debug|Any CPU = Debug|Any CPU
		Release|Any CPU = Release|Any CPU
	EndGlobalSection
	GlobalSection(SolutionProperties) = preSolution
		HideSolutionNode = FALSE
	EndGlobalSection
	GlobalSection(ProjectConfigurationPlatforms) = postSolution
		{0B725441-1AA5-48FC-9190-DF173DAD5CD3}.Debug|Any CPU.ActiveCfg = Debug|Any CPU
		{0B725441-1AA5-48FC-9190-DF173DAD5CD3}.Debug|Any CPU.Build.0 = Debug|Any CPU
		{0B725441-1AA5-48FC-9190-DF173DAD5CD3}.Release|Any CPU.ActiveCfg = Release|Any CPU
		{0B725441-1AA5-48FC-9190-DF173DAD5CD3}.Release|Any CPU.Build.0 = Release|Any CPU
		{8785760A-93D6-4189-9627-97C038A99AE1}.Debug|Any CPU.ActiveCfg = Debug|Any CPU
		{8785760A-93D6-4189-9627-97C038A99AE1}.Debug|Any CPU.Build.0 = Debug|Any CPU
		{8785760A-93D6-4189-9627-97C038A99AE1}.Release|Any CPU.ActiveCfg = Release|Any CPU
		{8785760A-93D6-4189-9627-97C038A99AE1}.Release|Any CPU.Build.0 = Release|Any CPU
	EndGlobalSection
	GlobalSection(NestedProjects) = preSolution
		{0B725441-1AA5-48FC-9190-DF173DAD5CD3} = {7AA4288F-56E5-40A1-B028-BFDD6342DE0F}
	EndGlobalSection
EndGlobal
